
Microsoft Visual Studio Solution File, Format Version 12.00
# Visual Studio Version 17
VisualStudioVersion = 17.1.32210.238
MinimumVisualStudioVersion = 10.0.40219.1
Project("{9A19103F-16F7-4668-BE54-9A1E7A4F7556}") = "Ordering.Domain", "Ordering.Domain\Ordering.Domain.csproj", "{3F1CFAB8-9B46-4C79-9E8D-3BEAFBFF455A}"
EndProject
Project("{FAE04EC0-301F-11D3-BF4B-00C04F79EFBC}") = "Ordering.Infrastructure", "Ordering.Infrastructure\Ordering.Infrastructure.csproj", "{DDA04996-111E-44C1-8E42-BCFDC0FBC6A1}"
EndProject
Global
	GlobalSection(SolutionConfigurationPlatforms) = preSolution
		Debug|Any CPU = Debug|Any CPU
		Release|Any CPU = Release|Any CPU
	EndGlobalSection
	GlobalSection(ProjectConfigurationPlatforms) = postSolution
		{3F1CFAB8-9B46-4C79-9E8D-3BEAFBFF455A}.Debug|Any CPU.ActiveCfg = Debug|Any CPU
		{3F1CFAB8-9B46-4C79-9E8D-3BEAFBFF455A}.Debug|Any CPU.Build.0 = Debug|Any CPU
		{3F1CFAB8-9B46-4C79-9E8D-3BEAFBFF455A}.Release|Any CPU.ActiveCfg = Release|Any CPU
		{3F1CFAB8-9B46-4C79-9E8D-3BEAFBFF455A}.Release|Any CPU.Build.0 = Release|Any CPU
		{DDA04996-111E-44C1-8E42-BCFDC0FBC6A1}.Debug|Any CPU.ActiveCfg = Debug|Any CPU
		{DDA04996-111E-44C1-8E42-BCFDC0FBC6A1}.Debug|Any CPU.Build.0 = Debug|Any CPU
		{DDA04996-111E-44C1-8E42-BCFDC0FBC6A1}.Release|Any CPU.ActiveCfg = Release|Any CPU
		{DDA04996-111E-44C1-8E42-BCFDC0FBC6A1}.Release|Any CPU.Build.0 = Release|Any CPU
	EndGlobalSection
	GlobalSection(SolutionProperties) = preSolution
		HideSolutionNode = FALSE
	EndGlobalSection
	GlobalSection(ExtensibilityGlobals) = postSolution
		SolutionGuid = {D029E236-972B-493E-95A3-197D5AEE23E2}
	EndGlobalSection
EndGlobal
